
Microsoft Visual Studio Solution File, Format Version 12.00
# Visual Studio Version 17
VisualStudioVersion = 17.9.34701.34
MinimumVisualStudioVersion = 10.0.40219.1
Project("{FAE04EC0-301F-11D3-BF4B-00C04F79EFBC}") = "SistemaTarefas1", "SistemaTarefas1\SistemaTarefas1.csproj", "{18505788-0179-422C-A556-6B4FA102A873}"
EndProject
Global
	GlobalSection(SolutionConfigurationPlatforms) = preSolution
		Debug|Any CPU = Debug|Any CPU
		Release|Any CPU = Release|Any CPU
	EndGlobalSection
	GlobalSection(ProjectConfigurationPlatforms) = postSolution
		{18505788-0179-422C-A556-6B4FA102A873}.Debug|Any CPU.ActiveCfg = Debug|Any CPU
		{18505788-0179-422C-A556-6B4FA102A873}.Debug|Any CPU.Build.0 = Debug|Any CPU
		{18505788-0179-422C-A556-6B4FA102A873}.Release|Any CPU.ActiveCfg = Release|Any CPU
		{18505788-0179-422C-A556-6B4FA102A873}.Release|Any CPU.Build.0 = Release|Any CPU
	EndGlobalSection
	GlobalSection(SolutionProperties) = preSolution
		HideSolutionNode = FALSE
	EndGlobalSection
	GlobalSection(ExtensibilityGlobals) = postSolution
		SolutionGuid = {417FEEEF-794C-4385-A875-A2E22D688AFF}
	EndGlobalSection
EndGlobal
